
Microsoft Visual Studio Solution File, Format Version 12.00
# Visual Studio Version 17
VisualStudioVersion = 17.1.32319.34
MinimumVisualStudioVersion = 10.0.40219.1
Project("{FAE04EC0-301F-11D3-BF4B-00C04F79EFBC}") = "Calculator", "Calculator.csproj", "{DBF330B3-638C-427B-9EB7-3BFAFF1F76CF}"
EndProject
Global
	GlobalSection(SolutionConfigurationPlatforms) = preSolution
		Debug|Any CPU = Debug|Any CPU
		Release|Any CPU = Release|Any CPU
	EndGlobalSection
	GlobalSection(ProjectConfigurationPlatforms) = postSolution
		{DBF330B3-638C-427B-9EB7-3BFAFF1F76CF}.Debug|Any CPU.ActiveCfg = Debug|Any CPU
		{DBF330B3-638C-427B-9EB7-3BFAFF1F76CF}.Debug|Any CPU.Build.0 = Debug|Any CPU
		{DBF330B3-638C-427B-9EB7-3BFAFF1F76CF}.Release|Any CPU.ActiveCfg = Release|Any CPU
		{DBF330B3-638C-427B-9EB7-3BFAFF1F76CF}.Release|Any CPU.Build.0 = Release|Any CPU
	EndGlobalSection
	GlobalSection(SolutionProperties) = preSolution
		HideSolutionNode = FALSE
	EndGlobalSection
	GlobalSection(ExtensibilityGlobals) = postSolution
		SolutionGuid = {A6017A3D-745C-4509-8410-6CD9569BBECE}
	EndGlobalSection
EndGlobal
